
Microsoft Visual Studio Solution File, Format Version 12.00
# Visual Studio Version 16
VisualStudioVersion = 16.0.32106.194
MinimumVisualStudioVersion = 10.0.40219.1
Project("{FAE04EC0-301F-11D3-BF4B-00C04F79EFBC}") = "DataPassing", "DataPassing\DataPassing.csproj", "{23A20DF5-62C4-48BF-959E-25D42118FB7E}"
EndProject
Global
	GlobalSection(SolutionConfigurationPlatforms) = preSolution
		Debug|Any CPU = Debug|Any CPU
		Release|Any CPU = Release|Any CPU
	EndGlobalSection
	GlobalSection(ProjectConfigurationPlatforms) = postSolution
		{23A20DF5-62C4-48BF-959E-25D42118FB7E}.Debug|Any CPU.ActiveCfg = Debug|Any CPU
		{23A20DF5-62C4-48BF-959E-25D42118FB7E}.Debug|Any CPU.Build.0 = Debug|Any CPU
		{23A20DF5-62C4-48BF-959E-25D42118FB7E}.Release|Any CPU.ActiveCfg = Release|Any CPU
		{23A20DF5-62C4-48BF-959E-25D42118FB7E}.Release|Any CPU.Build.0 = Release|Any CPU
	EndGlobalSection
	GlobalSection(SolutionProperties) = preSolution
		HideSolutionNode = FALSE
	EndGlobalSection
	GlobalSection(ExtensibilityGlobals) = postSolution
		SolutionGuid = {B60CD438-C022-4E7B-8345-28D481A4A859}
	EndGlobalSection
EndGlobal
